
Microsoft Visual Studio Solution File, Format Version 12.00
# Visual Studio Version 17
VisualStudioVersion = 17.8.34525.116
MinimumVisualStudioVersion = 10.0.40219.1
Project("{FAE04EC0-301F-11D3-BF4B-00C04F79EFBC}") = "wpf simple telegram", "wpf simple telegram\wpf simple telegram.csproj", "{33ADAB8A-6D4D-4199-9DE8-8418D0ADDABC}"
EndProject
Global
	GlobalSection(SolutionConfigurationPlatforms) = preSolution
		Debug|Any CPU = Debug|Any CPU
		Release|Any CPU = Release|Any CPU
	EndGlobalSection
	GlobalSection(ProjectConfigurationPlatforms) = postSolution
		{33ADAB8A-6D4D-4199-9DE8-8418D0ADDABC}.Debug|Any CPU.ActiveCfg = Debug|Any CPU
		{33ADAB8A-6D4D-4199-9DE8-8418D0ADDABC}.Debug|Any CPU.Build.0 = Debug|Any CPU
		{33ADAB8A-6D4D-4199-9DE8-8418D0ADDABC}.Release|Any CPU.ActiveCfg = Release|Any CPU
		{33ADAB8A-6D4D-4199-9DE8-8418D0ADDABC}.Release|Any CPU.Build.0 = Release|Any CPU
	EndGlobalSection
	GlobalSection(SolutionProperties) = preSolution
		HideSolutionNode = FALSE
	EndGlobalSection
	GlobalSection(ExtensibilityGlobals) = postSolution
		SolutionGuid = {C9C0FF24-519B-4E90-9E74-5F1F548F33E3}
	EndGlobalSection
EndGlobal
